
Microsoft Visual Studio Solution File, Format Version 12.00
# Visual Studio Version 16
VisualStudioVersion = 16.0.29418.71
MinimumVisualStudioVersion = 10.0.40219.1
Project("{FAE04EC0-301F-11D3-BF4B-00C04F79EFBC}") = "Overload", "Overload\Overload.csproj", "{9378D1B1-A012-41B0-9CE2-137BD28B0F0E}"
EndProject
Global
	GlobalSection(SolutionConfigurationPlatforms) = preSolution
		Debug|Any CPU = Debug|Any CPU
		Release|Any CPU = Release|Any CPU
	EndGlobalSection
	GlobalSection(ProjectConfigurationPlatforms) = postSolution
		{9378D1B1-A012-41B0-9CE2-137BD28B0F0E}.Debug|Any CPU.ActiveCfg = Debug|Any CPU
		{9378D1B1-A012-41B0-9CE2-137BD28B0F0E}.Debug|Any CPU.Build.0 = Debug|Any CPU
		{9378D1B1-A012-41B0-9CE2-137BD28B0F0E}.Release|Any CPU.ActiveCfg = Release|Any CPU
		{9378D1B1-A012-41B0-9CE2-137BD28B0F0E}.Release|Any CPU.Build.0 = Release|Any CPU
	EndGlobalSection
	GlobalSection(SolutionProperties) = preSolution
		HideSolutionNode = FALSE
	EndGlobalSection
	GlobalSection(ExtensibilityGlobals) = postSolution
		SolutionGuid = {617F508E-7427-4DE5-8E93-A81C3424BA09}
	EndGlobalSection
EndGlobal
